
Microsoft Visual Studio Solution File, Format Version 12.00
# Visual Studio Version 16
VisualStudioVersion = 16.0.30413.136
MinimumVisualStudioVersion = 10.0.40219.1
Project("{FAE04EC0-301F-11D3-BF4B-00C04F79EFBC}") = "Week6Arrays", "Week6Arrays\Week6Arrays.csproj", "{B9E92916-130D-454C-8DBF-29DD3976AB01}"
EndProject
Project("{FAE04EC0-301F-11D3-BF4B-00C04F79EFBC}") = "WardrobePicker", "WardrobePicker\WardrobePicker.csproj", "{775A7284-B0E2-4FD8-91F7-C7206B012FBC}"
EndProject
Project("{FAE04EC0-301F-11D3-BF4B-00C04F79EFBC}") = "UserAgainstZombies", "UserAgainstZombies\UserAgainstZombies.csproj", "{7B01BEA8-1432-4B1F-BEFF-59B0FEC8046C}"
EndProject
Global
	GlobalSection(SolutionConfigurationPlatforms) = preSolution
		Debug|Any CPU = Debug|Any CPU
		Release|Any CPU = Release|Any CPU
	EndGlobalSection
	GlobalSection(ProjectConfigurationPlatforms) = postSolution
		{B9E92916-130D-454C-8DBF-29DD3976AB01}.Debug|Any CPU.ActiveCfg = Debug|Any CPU
		{B9E92916-130D-454C-8DBF-29DD3976AB01}.Debug|Any CPU.Build.0 = Debug|Any CPU
		{B9E92916-130D-454C-8DBF-29DD3976AB01}.Release|Any CPU.ActiveCfg = Release|Any CPU
		{B9E92916-130D-454C-8DBF-29DD3976AB01}.Release|Any CPU.Build.0 = Release|Any CPU
		{775A7284-B0E2-4FD8-91F7-C7206B012FBC}.Debug|Any CPU.ActiveCfg = Debug|Any CPU
		{775A7284-B0E2-4FD8-91F7-C7206B012FBC}.Debug|Any CPU.Build.0 = Debug|Any CPU
		{775A7284-B0E2-4FD8-91F7-C7206B012FBC}.Release|Any CPU.ActiveCfg = Release|Any CPU
		{775A7284-B0E2-4FD8-91F7-C7206B012FBC}.Release|Any CPU.Build.0 = Release|Any CPU
		{7B01BEA8-1432-4B1F-BEFF-59B0FEC8046C}.Debug|Any CPU.ActiveCfg = Debug|Any CPU
		{7B01BEA8-1432-4B1F-BEFF-59B0FEC8046C}.Debug|Any CPU.Build.0 = Debug|Any CPU
		{7B01BEA8-1432-4B1F-BEFF-59B0FEC8046C}.Release|Any CPU.ActiveCfg = Release|Any CPU
		{7B01BEA8-1432-4B1F-BEFF-59B0FEC8046C}.Release|Any CPU.Build.0 = Release|Any CPU
	EndGlobalSection
	GlobalSection(SolutionProperties) = preSolution
		HideSolutionNode = FALSE
	EndGlobalSection
	GlobalSection(ExtensibilityGlobals) = postSolution
		SolutionGuid = {F7B41F1E-2385-4F36-A7F0-3337BBB1104D}
	EndGlobalSection
EndGlobal
